
Microsoft Visual Studio Solution File, Format Version 12.00
# Visual Studio Version 16
VisualStudioVersion = 16.0.31005.135
MinimumVisualStudioVersion = 10.0.40219.1
Project("{9A19103F-16F7-4668-BE54-9A1E7A4F7556}") = "Module_4_Task_6", "Module_4_Task_6\Module_4_Task_6.csproj", "{C63BBDF9-9198-4B6E-8564-012181711B6F}"
EndProject
Global
	GlobalSection(SolutionConfigurationPlatforms) = preSolution
		Debug|Any CPU = Debug|Any CPU
		Release|Any CPU = Release|Any CPU
	EndGlobalSection
	GlobalSection(ProjectConfigurationPlatforms) = postSolution
		{C63BBDF9-9198-4B6E-8564-012181711B6F}.Debug|Any CPU.ActiveCfg = Debug|Any CPU
		{C63BBDF9-9198-4B6E-8564-012181711B6F}.Debug|Any CPU.Build.0 = Debug|Any CPU
		{C63BBDF9-9198-4B6E-8564-012181711B6F}.Release|Any CPU.ActiveCfg = Release|Any CPU
		{C63BBDF9-9198-4B6E-8564-012181711B6F}.Release|Any CPU.Build.0 = Release|Any CPU
	EndGlobalSection
	GlobalSection(SolutionProperties) = preSolution
		HideSolutionNode = FALSE
	EndGlobalSection
	GlobalSection(ExtensibilityGlobals) = postSolution
		SolutionGuid = {710C54C9-C7EF-42F3-9A9E-6576BBEC187F}
	EndGlobalSection
EndGlobal
